{
  "name": "james-testdouble-example",
  "version": "1.0.0",
  "lockfileVersion": 1,
  "requires": true,
  "dependencies": {
    "acorn": {
      "version": "7.2.0",
      "resolved": "https://registry.npmjs.org/acorn/-/acorn-7.2.0.tgz",
      "integrity": "sha512-apwXVmYVpQ34m/i71vrApRrRKCWQnZZF1+npOD0WV5xZFfwWOmKGQ2RWlfdy9vWITsenisM8M0Qeq8agcFHNiQ==",
      "dev": true
    },
    "acorn-walk": {
      "version": "7.1.1",
      "resolved": "https://registry.npmjs.org/acorn-walk/-/acorn-walk-7.1.1.tgz",
      "integrity": "sha512-wdlPY2tm/9XBr7QkKlq0WQVgiuGTX6YWPyRyBviSoScBuLfTVQhvwg6wJ369GJ/1nPfTLMfnrFIfjqVg6d+jQQ==",
      "dev": true
    },
    "ansi-styles": {
      "version": "3.2.1",
      "resolved": "https://registry.npmjs.org/ansi-styles/-/ansi-styles-3.2.1.tgz",
      "integrity": "sha512-VT0ZI6kZRdTh8YyJw3SMbYm/u+NqfsAxEpWO0Pf9sq8/e94WxxOpPKx9FR1FlyCtOVDNOQ+8ntlqFxiRc+r5qA==",
      "dev": true,
      "requires": {
        "color-convert": "^1.9.0"
      }
    },
    "async": {
      "version": "2.6.3",
      "resolved": "https://registry.npmjs.org/async/-/async-2.6.3.tgz",
      "integrity": "sha512-zflvls11DCy+dQWzTW2dzuilv8Z5X/pjfmZOWba6TNIVDm+2UDaJmXSOXlasHKfNBs8oo3M0aT50fDEWfKZjXg==",
      "dev": true,
      "requires": {
        "lodash": "^4.17.14"
      }
    },
    "balanced-match": {
      "version": "1.0.0",
      "resolved": "https://registry.npmjs.org/balanced-match/-/balanced-match-1.0.0.tgz",
      "integrity": "sha1-ibTRmasr7kneFk6gK4nORi1xt2c=",
      "dev": true
    },
    "brace-expansion": {
      "version": "1.1.11",
      "resolved": "https://registry.npmjs.org/brace-expansion/-/brace-expansion-1.1.11.tgz",
      "integrity": "sha512-iCuPHDFgrHX7H2vEI/5xpz07zSHB00TpugqhmYtVmMO6518mCuRMoOYFldEBl0g187ufozdaHgWKcYFb61qGiA==",
      "dev": true,
      "requires": {
        "balanced-match": "^1.0.0",
        "concat-map": "0.0.1"
      }
    },
    "chalk": {
      "version": "2.4.2",
      "resolved": "https://registry.npmjs.org/chalk/-/chalk-2.4.2.tgz",
      "integrity": "sha512-Mti+f9lpJNcwF4tWV8/OrTTtF1gZi+f8FqlyAdouralcFWFQWF2+NgCHShjkCb+IFBLq9buZwE1xckQU4peSuQ==",
      "dev": true,
      "requires": {
        "ansi-styles": "^3.2.1",
        "escape-string-regexp": "^1.0.5",
        "supports-color": "^5.3.0"
      }
    },
    "color-convert": {
      "version": "1.9.3",
      "resolved": "https://registry.npmjs.org/color-convert/-/color-convert-1.9.3.tgz",
      "integrity": "sha512-QfAUtd+vFdAtFQcC8CCyYt1fYWxSqAiK2cSD6zDB8N3cpsEBAvRxp9zOGg6G/SHHJYAT88/az/IuDGALsNVbGg==",
      "dev": true,
      "requires": {
        "color-name": "1.1.3"
      }
    },
    "color-name": {
      "version": "1.1.3",
      "resolved": "https://registry.npmjs.org/color-name/-/color-name-1.1.3.tgz",
      "integrity": "sha1-p9BVi9icQveV3UIyj3QIMcpTvCU=",
      "dev": true
    },
    "concat-map": {
      "version": "0.0.1",
      "resolved": "https://registry.npmjs.org/concat-map/-/concat-map-0.0.1.tgz",
      "integrity": "sha1-2Klr13/Wjfd5OnMDajug1UBdR3s=",
      "dev": true
    },
    "concordance": {
      "version": "4.0.0",
      "resolved": "https://registry.npmjs.org/concordance/-/concordance-4.0.0.tgz",
      "integrity": "sha512-l0RFuB8RLfCS0Pt2Id39/oCPykE01pyxgAFypWTlaGRgvLkZrtczZ8atEHpTeEIW+zYWXTBuA9cCSeEOScxReQ==",
      "dev": true,
      "requires": {
        "date-time": "^2.1.0",
        "esutils": "^2.0.2",
        "fast-diff": "^1.1.2",
        "js-string-escape": "^1.0.1",
        "lodash.clonedeep": "^4.5.0",
        "lodash.flattendeep": "^4.4.0",
        "lodash.islength": "^4.0.1",
        "lodash.merge": "^4.6.1",
        "md5-hex": "^2.0.0",
        "semver": "^5.5.1",
        "well-known-symbols": "^2.0.0"
      }
    },
    "date-time": {
      "version": "2.1.0",
      "resolved": "https://registry.npmjs.org/date-time/-/date-time-2.1.0.tgz",
      "integrity": "sha512-/9+C44X7lot0IeiyfgJmETtRMhBidBYM2QFFIkGa0U1k+hSyY87Nw7PY3eDqpvCBm7I3WCSfPeZskW/YYq6m4g==",
      "dev": true,
      "requires": {
        "time-zone": "^1.0.0"
      }
    },
    "escape-string-regexp": {
      "version": "1.0.5",
      "resolved": "https://registry.npmjs.org/escape-string-regexp/-/escape-string-regexp-1.0.5.tgz",
      "integrity": "sha1-G2HAViGQqN/2rjuyzwIAyhMLhtQ=",
      "dev": true
    },
    "esutils": {
      "version": "2.0.3",
      "resolved": "https://registry.npmjs.org/esutils/-/esutils-2.0.3.tgz",
      "integrity": "sha512-kVscqXk4OCp68SZ0dkgEKVi6/8ij300KBWTJq32P/dYeWTSwK41WyTxalN1eRmA5Z9UU/LX9D7FWSmV9SAYx6g==",
      "dev": true
    },
    "fast-diff": {
      "version": "1.2.0",
      "resolved": "https://registry.npmjs.org/fast-diff/-/fast-diff-1.2.0.tgz",
      "integrity": "sha512-xJuoT5+L99XlZ8twedaRf6Ax2TgQVxvgZOYoPKqZufmJib0tL2tegPBOZb1pVNgIhlqDlA0eO0c3wBvQcmzx4w==",
      "dev": true
    },
    "fs.realpath": {
      "version": "1.0.0",
      "resolved": "https://registry.npmjs.org/fs.realpath/-/fs.realpath-1.0.0.tgz",
      "integrity": "sha1-FQStJSMVjKpA20onh8sBQRmU6k8=",
      "dev": true
    },
    "function-names-at-line": {
      "version": "1.1.0",
      "resolved": "https://registry.npmjs.org/function-names-at-line/-/function-names-at-line-1.1.0.tgz",
      "integrity": "sha512-UMY9cMhbFjL15D8/syCW1ceip5sR49TmRwnAhfX5yh9iA1kxe1XeG3Zmq/g/a5CqsJxp448Bh11zY+WU+xe1Iw==",
      "dev": true,
      "requires": {
        "acorn": "^7.1.1",
        "acorn-walk": "^7.1.1"
      }
    },
    "glob": {
      "version": "7.1.6",
      "resolved": "https://registry.npmjs.org/glob/-/glob-7.1.6.tgz",
      "integrity": "sha512-LwaxwyZ72Lk7vZINtNNrywX0ZuLyStrdDtabefZKAY5ZGJhVtgdznluResxNmPitE0SAO+O26sWTHeKSI2wMBA==",
      "dev": true,
      "requires": {
        "fs.realpath": "^1.0.0",
        "inflight": "^1.0.4",
        "inherits": "2",
        "minimatch": "^3.0.4",
        "once": "^1.3.0",
        "path-is-absolute": "^1.0.0"
      }
    },
    "has-flag": {
      "version": "3.0.0",
      "resolved": "https://registry.npmjs.org/has-flag/-/has-flag-3.0.0.tgz",
      "integrity": "sha1-tdRU3CGZriJWmfNGfloH87lVuv0=",
      "dev": true
    },
    "inflight": {
      "version": "1.0.6",
      "resolved": "https://registry.npmjs.org/inflight/-/inflight-1.0.6.tgz",
      "integrity": "sha1-Sb1jMdfQLQwJvJEKEHW6gWW1bfk=",
      "dev": true,
      "requires": {
        "once": "^1.3.0",
        "wrappy": "1"
      }
    },
    "inherits": {
      "version": "2.0.4",
      "resolved": "https://registry.npmjs.org/inherits/-/inherits-2.0.4.tgz",
      "integrity": "sha512-k/vGaX4/Yla3WzyMCvTQOXYeIHvqOKtnqBduzTHpzpQZzAskKMhZ2K+EnBiSM9zGSoIFeMpXKxa4dYeZIQqewQ==",
      "dev": true
    },
    "is-plain-obj": {
      "version": "1.1.0",
      "resolved": "https://registry.npmjs.org/is-plain-obj/-/is-plain-obj-1.1.0.tgz",
      "integrity": "sha1-caUMhCnfync8kqOQpKA7OfzVHT4=",
      "dev": true
    },
    "is-regexp": {
      "version": "1.0.0",
      "resolved": "https://registry.npmjs.org/is-regexp/-/is-regexp-1.0.0.tgz",
      "integrity": "sha1-/S2INUXEa6xaYz57mgnof6LLUGk=",
      "dev": true
    },
    "js-string-escape": {
      "version": "1.0.1",
      "resolved": "https://registry.npmjs.org/js-string-escape/-/js-string-escape-1.0.1.tgz",
      "integrity": "sha1-4mJbrbwNZ8dTPp7cEGjFh65BN+8=",
      "dev": true
    },
    "lodash": {
      "version": "4.17.21",
      "resolved": "https://registry.npmjs.org/lodash/-/lodash-4.17.21.tgz",
      "integrity": "sha512-v2kDEe57lecTulaDIuNTPy3Ry4gLGJ6Z1O3vE1krgXZNrsQ+LFTGHVxVjcXPs17LhbZVGedAJv8XZ1tvj5FvSg==",
      "dev": true
    },
    "lodash-deeper": {
      "version": "1.1.0",
      "resolved": "https://registry.npmjs.org/lodash-deeper/-/lodash-deeper-1.1.0.tgz",
      "integrity": "sha1-WvUfM8sL9eJKCBh8Mmt3mhfkidw=",
      "dev": true,
      "requires": {
        "lodash": ">=4.13.1"
      }
    },
    "lodash.clonedeep": {
      "version": "4.5.0",
      "resolved": "https://registry.npmjs.org/lodash.clonedeep/-/lodash.clonedeep-4.5.0.tgz",
      "integrity": "sha1-4j8/nE+Pvd6HJSnBBxhXoIblzO8=",
      "dev": true
    },
    "lodash.flattendeep": {
      "version": "4.4.0",
      "resolved": "https://registry.npmjs.org/lodash.flattendeep/-/lodash.flattendeep-4.4.0.tgz",
      "integrity": "sha1-+wMJF/hqMTTlvJvsDWngAT3f7bI=",
      "dev": true
    },
    "lodash.islength": {
      "version": "4.0.1",
      "resolved": "https://registry.npmjs.org/lodash.islength/-/lodash.islength-4.0.1.tgz",
      "integrity": "sha1-Tpho1FJXXXUK/9NYyXlUPcIO1Xc=",
      "dev": true
    },
    "lodash.merge": {
      "version": "4.6.2",
      "resolved": "https://registry.npmjs.org/lodash.merge/-/lodash.merge-4.6.2.tgz",
      "integrity": "sha512-0KpjqXRVvrYyCsX1swR/XTK0va6VQkQM6MNo7PqW77ByjAhoARA8EfrP1N4+KlKj8YS0ZUCtRT/YUuhyYDujIQ==",
      "dev": true
    },
    "md5-hex": {
      "version": "2.0.0",
      "resolved": "https://registry.npmjs.org/md5-hex/-/md5-hex-2.0.0.tgz",
      "integrity": "sha1-0FiOnxx0lUSS7NJKwKxs6ZfZLjM=",
      "dev": true,
      "requires": {
        "md5-o-matic": "^0.1.1"
      }
    },
    "md5-o-matic": {
      "version": "0.1.1",
      "resolved": "https://registry.npmjs.org/md5-o-matic/-/md5-o-matic-0.1.1.tgz",
      "integrity": "sha1-givM1l4RfFFPqxdrJZRdVBAKA8M=",
      "dev": true
    },
    "minimatch": {
      "version": "3.0.4",
      "resolved": "https://registry.npmjs.org/minimatch/-/minimatch-3.0.4.tgz",
      "integrity": "sha512-yJHVQEhyqPLUTgt9B83PXu6W3rx4MvvHvSUvToogpwoGDOUQ+yDrR0HRot+yOCdCO7u4hX3pWft6kWBBcqh0UA==",
      "dev": true,
      "requires": {
        "brace-expansion": "^1.1.7"
      }
    },
    "minimist": {
      "version": "1.2.5",
      "resolved": "https://registry.npmjs.org/minimist/-/minimist-1.2.5.tgz",
      "integrity": "sha512-FM9nNUYrRBAELZQT3xeZQ7fmMOBg6nWNmJKTcgsJeaLstP/UODVpGsr5OhXhhXg6f+qtJ8uiZ+PUxkDWcgIXLw==",
      "dev": true
    },
    "once": {
      "version": "1.4.0",
      "resolved": "https://registry.npmjs.org/once/-/once-1.4.0.tgz",
      "integrity": "sha1-WDsap3WWHUsROsF9nFC6753Xa9E=",
      "dev": true,
      "requires": {
        "wrappy": "1"
      }
    },
    "ought": {
      "version": "0.0.6",
      "resolved": "https://registry.npmjs.org/ought/-/ought-0.0.6.tgz",
      "integrity": "sha512-ovk4BbjTEpNc1/uZW3pXSQ5gkaU28sQBnmQ0frBd/W0cH+VSoYt+skYFvlrjzxWrEB6Qwo41/YcezvpHoh6qYg==",
      "dev": true,
      "requires": {
        "ansi-styles": "^3.2.1",
        "chalk": "^2.4.2",
        "concordance": "^4.0.0"
      }
    },
    "path-is-absolute": {
      "version": "1.0.1",
      "resolved": "https://registry.npmjs.org/path-is-absolute/-/path-is-absolute-1.0.1.tgz",
      "integrity": "sha1-F0uSaHNVNP+8es5r9TpanhtcX18=",
      "dev": true
    },
    "path-parse": {
      "version": "1.0.6",
      "resolved": "https://registry.npmjs.org/path-parse/-/path-parse-1.0.6.tgz",
      "integrity": "sha512-GSmOT2EbHrINBf9SR7CDELwlJ8AENk3Qn7OikK4nFYAu3Ote2+JYNVvkpAEQm3/TLNEJFD/xZJjzyxg3KBWOzw==",
      "dev": true
    },
    "quibble": {
      "version": "0.6.3",
      "resolved": "https://registry.npmjs.org/quibble/-/quibble-0.6.3.tgz",
      "integrity": "sha512-gIOnJ0y7nJk9sWOHwTzqh2M4llaIDBzEOcMdvBd5rIrNTGyOTb44CDJWc85OFEFpkxsnjru2g36LhL0gu7d5ng==",
      "dev": true,
      "requires": {
        "lodash": "^4.17.14",
        "resolve": "^1.11.1"
      }
    },
    "resolve": {
      "version": "1.17.0",
      "resolved": "https://registry.npmjs.org/resolve/-/resolve-1.17.0.tgz",
      "integrity": "sha512-ic+7JYiV8Vi2yzQGFWOkiZD5Z9z7O2Zhm9XMaTxdJExKasieFCr+yXZ/WmXsckHiKl12ar0y6XiXDx3m4RHn1w==",
      "dev": true,
      "requires": {
        "path-parse": "^1.0.6"
      }
    },
    "semver": {
      "version": "5.7.1",
      "resolved": "https://registry.npmjs.org/semver/-/semver-5.7.1.tgz",
      "integrity": "sha512-sauaDf/PZdVgrLTNYHRtpXa1iRiKcaebiKQ1BJdpQlWH2lCvexQdX55snPFyK7QzpudqbCI0qXFfOasHdyNDGQ==",
      "dev": true
    },
    "stringify-object-es5": {
      "version": "2.5.0",
      "resolved": "https://registry.npmjs.org/stringify-object-es5/-/stringify-object-es5-2.5.0.tgz",
      "integrity": "sha1-BXw8mpChJzObudFwSikLt70KHsU=",
      "dev": true,
      "requires": {
        "is-plain-obj": "^1.0.0",
        "is-regexp": "^1.0.0"
      }
    },
    "supports-color": {
      "version": "5.5.0",
      "resolved": "https://registry.npmjs.org/supports-color/-/supports-color-5.5.0.tgz",
      "integrity": "sha512-QjVjwdXIt408MIiAqCX4oUKsgU2EqAGzs2Ppkm4aQYbjm+ZEWEcW4SfFNTr4uMNZma0ey4f5lgLrkB0aX0QMow==",
      "dev": true,
      "requires": {
        "has-flag": "^3.0.0"
      }
    },
    "teenytest": {
      "version": "6.0.2",
      "resolved": "https://registry.npmjs.org/teenytest/-/teenytest-6.0.2.tgz",
      "integrity": "sha512-54ATJlqxe3uZt+MABHLI9oouwNQT+/vauiWaoIFpvYq3lVS70e5/EOqnqt0qc92XyawdQTUe3BA7DW5nwQ4oUQ==",
      "dev": true,
      "requires": {
        "async": "^2.6.2",
        "function-names-at-line": "^1.1.0",
        "glob": "^7.1.3",
        "lodash": "^4.17.11",
        "lodash-deeper": "^1.0.0",
        "minimist": "^1.2.0",
        "resolve": "^1.10.0"
      }
    },
    "testdouble": {
      "version": "3.15.0",
      "resolved": "https://registry.npmjs.org/testdouble/-/testdouble-3.15.0.tgz",
      "integrity": "sha512-ua9j1mi7sFsvAa0kWt4vJ52Ld8QwxcxSMlQo7LLVdZ7lynem7BsPYYHK/12ck9g3/Yf2xEIQJv6fTiqVv8xouQ==",
      "dev": true,
      "requires": {
        "lodash": "^4.17.15",
        "quibble": "^0.6.3",
        "stringify-object-es5": "^2.5.0",
        "theredoc": "^1.0.0"
      }
    },
    "theredoc": {
      "version": "1.0.0",
      "resolved": "https://registry.npmjs.org/theredoc/-/theredoc-1.0.0.tgz",
      "integrity": "sha512-KU3SA3TjRRM932jpNfD3u4Ec3bSvedyo5ITPI7zgWYnKep7BwQQaxlhI9qbO+lKJoRnoAbEVfMcAHRuKVYikDA==",
      "dev": true
    },
    "time-zone": {
      "version": "1.0.0",
      "resolved": "https://registry.npmjs.org/time-zone/-/time-zone-1.0.0.tgz",
      "integrity": "sha1-mcW/VZWJZq9tBtg73zgA3IL67F0=",
      "dev": true
    },
    "well-known-symbols": {
      "version": "2.0.0",
      "resolved": "https://registry.npmjs.org/well-known-symbols/-/well-known-symbols-2.0.0.tgz",
      "integrity": "sha512-ZMjC3ho+KXo0BfJb7JgtQ5IBuvnShdlACNkKkdsqBmYw3bPAaJfPeYUo6tLUaT5tG/Gkh7xkpBhKRQ9e7pyg9Q==",
      "dev": true
    },
    "wrappy": {
      "version": "1.0.2",
      "resolved": "https://registry.npmjs.org/wrappy/-/wrappy-1.0.2.tgz",
      "integrity": "sha1-tSQ9jz7BqjXxNkYFvA0QNuMKtp8=",
      "dev": true
    }
  }
}
